
Microsoft Visual Studio Solution File, Format Version 12.00
# Visual Studio Version 17
VisualStudioVersion = 17.0.31919.166
MinimumVisualStudioVersion = 10.0.40219.1
Project("{FAE04EC0-301F-11D3-BF4B-00C04F79EFBC}") = "FjärdeOchSIstaFörsöket", "FjärdeOchSIstaFörsöket\FjärdeOchSIstaFörsöket.csproj", "{509FF72F-0F75-4AF4-A28C-3333DB4DE699}"
EndProject
Global
	GlobalSection(SolutionConfigurationPlatforms) = preSolution
		Debug|Any CPU = Debug|Any CPU
		Release|Any CPU = Release|Any CPU
	EndGlobalSection
	GlobalSection(ProjectConfigurationPlatforms) = postSolution
		{509FF72F-0F75-4AF4-A28C-3333DB4DE699}.Debug|Any CPU.ActiveCfg = Debug|Any CPU
		{509FF72F-0F75-4AF4-A28C-3333DB4DE699}.Debug|Any CPU.Build.0 = Debug|Any CPU
		{509FF72F-0F75-4AF4-A28C-3333DB4DE699}.Release|Any CPU.ActiveCfg = Release|Any CPU
		{509FF72F-0F75-4AF4-A28C-3333DB4DE699}.Release|Any CPU.Build.0 = Release|Any CPU
	EndGlobalSection
	GlobalSection(SolutionProperties) = preSolution
		HideSolutionNode = FALSE
	EndGlobalSection
	GlobalSection(ExtensibilityGlobals) = postSolution
		SolutionGuid = {195AF9DB-2BA8-4903-ADF2-2C955A0E22BA}
	EndGlobalSection
EndGlobal
